
Microsoft Visual Studio Solution File, Format Version 12.00
# Visual Studio 14
VisualStudioVersion = 14.0.25420.1
MinimumVisualStudioVersion = 10.0.40219.1
Project("{FAE04EC0-301F-11D3-BF4B-00C04F79EFBC}") = "PolRegio.Web", "PolRegio.Web\PolRegio.Web.csproj", "{1E69AFE5-704E-4687-B751-A69EA8A412B5}"
EndProject
Project("{FAE04EC0-301F-11D3-BF4B-00C04F79EFBC}") = "PolRegio.Helpers", "PolRegio.Helpers\PolRegio.Helpers.csproj", "{22811CF4-81D1-4E24-B973-2D0BEA32788F}"
EndProject
Project("{FAE04EC0-301F-11D3-BF4B-00C04F79EFBC}") = "PolRegio.Services", "PolRegio.Services\PolRegio.Services.csproj", "{C52C0764-7F1A-419D-98A0-47135E4CB1FA}"
EndProject
Project("{FAE04EC0-301F-11D3-BF4B-00C04F79EFBC}") = "PolRegio.Domain", "PolRegio.Domain\PolRegio.Domain.csproj", "{7CEEC406-C512-455A-A085-79681AC399A4}"
EndProject
Project("{FAE04EC0-301F-11D3-BF4B-00C04F79EFBC}") = "PolRegio.Cms", "PolRegio.Cms\PolRegio.Cms.csproj", "{918D52BC-01F8-49F4-8642-72759F77E055}"
EndProject
Global
	GlobalSection(SolutionConfigurationPlatforms) = preSolution
		Debug|Any CPU = Debug|Any CPU
		Release|Any CPU = Release|Any CPU
	EndGlobalSection
	GlobalSection(ProjectConfigurationPlatforms) = postSolution
		{1E69AFE5-704E-4687-B751-A69EA8A412B5}.Debug|Any CPU.ActiveCfg = Debug|Any CPU
		{1E69AFE5-704E-4687-B751-A69EA8A412B5}.Debug|Any CPU.Build.0 = Debug|Any CPU
		{1E69AFE5-704E-4687-B751-A69EA8A412B5}.Release|Any CPU.ActiveCfg = Release|Any CPU
		{1E69AFE5-704E-4687-B751-A69EA8A412B5}.Release|Any CPU.Build.0 = Release|Any CPU
		{22811CF4-81D1-4E24-B973-2D0BEA32788F}.Debug|Any CPU.ActiveCfg = Debug|Any CPU
		{22811CF4-81D1-4E24-B973-2D0BEA32788F}.Debug|Any CPU.Build.0 = Debug|Any CPU
		{22811CF4-81D1-4E24-B973-2D0BEA32788F}.Release|Any CPU.ActiveCfg = Release|Any CPU
		{22811CF4-81D1-4E24-B973-2D0BEA32788F}.Release|Any CPU.Build.0 = Release|Any CPU
		{C52C0764-7F1A-419D-98A0-47135E4CB1FA}.Debug|Any CPU.ActiveCfg = Debug|Any CPU
		{C52C0764-7F1A-419D-98A0-47135E4CB1FA}.Debug|Any CPU.Build.0 = Debug|Any CPU
		{C52C0764-7F1A-419D-98A0-47135E4CB1FA}.Release|Any CPU.ActiveCfg = Release|Any CPU
		{C52C0764-7F1A-419D-98A0-47135E4CB1FA}.Release|Any CPU.Build.0 = Release|Any CPU
		{7CEEC406-C512-455A-A085-79681AC399A4}.Debug|Any CPU.ActiveCfg = Debug|Any CPU
		{7CEEC406-C512-455A-A085-79681AC399A4}.Debug|Any CPU.Build.0 = Debug|Any CPU
		{7CEEC406-C512-455A-A085-79681AC399A4}.Release|Any CPU.ActiveCfg = Release|Any CPU
		{7CEEC406-C512-455A-A085-79681AC399A4}.Release|Any CPU.Build.0 = Release|Any CPU
		{918D52BC-01F8-49F4-8642-72759F77E055}.Debug|Any CPU.ActiveCfg = Debug|Any CPU
		{918D52BC-01F8-49F4-8642-72759F77E055}.Debug|Any CPU.Build.0 = Debug|Any CPU
		{918D52BC-01F8-49F4-8642-72759F77E055}.Release|Any CPU.ActiveCfg = Release|Any CPU
		{918D52BC-01F8-49F4-8642-72759F77E055}.Release|Any CPU.Build.0 = Release|Any CPU
	EndGlobalSection
	GlobalSection(SolutionProperties) = preSolution
		HideSolutionNode = FALSE
	EndGlobalSection
EndGlobal
